// !$*UTF8*$!
{
	archiveVersion = 1;
	classes = {
	};
	objectVersion = 55;
	objects = {

/* Begin PBXBuildFile section */
		34B305C6BAE95AFEC6CE4CC9 /* Pods_HomeBase_ios.framework in Frameworks */ = {isa = PBXBuildFile; fileRef = A85FAD7C6318619A97C1599B /* Pods_HomeBase_ios.framework */; };
		9206C48C2894C2EE00F74BE6 /* UIHelper.swift in Sources */ = {isa = PBXBuildFile; fileRef = 9206C48B2894C2EE00F74BE6 /* UIHelper.swift */; };
		928A787E2858FA2600D4C17C /* AppDelegate.swift in Sources */ = {isa = PBXBuildFile; fileRef = 928A787D2858FA2600D4C17C /* AppDelegate.swift */; };
		928A78802858FA2600D4C17C /* SceneDelegate.swift in Sources */ = {isa = PBXBuildFile; fileRef = 928A787F2858FA2600D4C17C /* SceneDelegate.swift */; };
		928A78852858FA2600D4C17C /* Main.storyboard in Resources */ = {isa = PBXBuildFile; fileRef = 928A78832858FA2600D4C17C /* Main.storyboard */; };
		928A78872858FA2800D4C17C /* Assets.xcassets in Resources */ = {isa = PBXBuildFile; fileRef = 928A78862858FA2800D4C17C /* Assets.xcassets */; };
		928A788A2858FA2800D4C17C /* LaunchScreen.storyboard in Resources */ = {isa = PBXBuildFile; fileRef = 928A78882858FA2800D4C17C /* LaunchScreen.storyboard */; };
		928A78952858FA2900D4C17C /* HomeBase_iosTests.swift in Sources */ = {isa = PBXBuildFile; fileRef = 928A78942858FA2900D4C17C /* HomeBase_iosTests.swift */; };
		928A789F2858FA2900D4C17C /* HomeBase_iosUITests.swift in Sources */ = {isa = PBXBuildFile; fileRef = 928A789E2858FA2900D4C17C /* HomeBase_iosUITests.swift */; };
		928A78A12858FA2900D4C17C /* HomeBase_iosUITestsLaunchTests.swift in Sources */ = {isa = PBXBuildFile; fileRef = 928A78A02858FA2900D4C17C /* HomeBase_iosUITestsLaunchTests.swift */; };
		92A5225828937F3700FEEC2F /* ApiHelper.swift in Sources */ = {isa = PBXBuildFile; fileRef = 92A5225728937F3700FEEC2F /* ApiHelper.swift */; };
		92A5225A2894BC0000FEEC2F /* LoginViewController.swift in Sources */ = {isa = PBXBuildFile; fileRef = 92A522592894BC0000FEEC2F /* LoginViewController.swift */; };
		92A93D00286AB37200957E50 /* Position.swift in Sources */ = {isa = PBXBuildFile; fileRef = 92A93CFF286AB37200957E50 /* Position.swift */; };
		92A93D02286AB65A00957E50 /* TimeClockCell.swift in Sources */ = {isa = PBXBuildFile; fileRef = 92A93D01286AB65A00957E50 /* TimeClockCell.swift */; };
		92A93D04286AB92900957E50 /* TipSheetCell.swift in Sources */ = {isa = PBXBuildFile; fileRef = 92A93D03286AB92900957E50 /* TipSheetCell.swift */; };
		92A93D06286ABA0A00957E50 /* YourTipsCell.swift in Sources */ = {isa = PBXBuildFile; fileRef = 92A93D05286ABA0A00957E50 /* YourTipsCell.swift */; };
		92B11731289D72880085CE68 /* UpdateResult.swift in Sources */ = {isa = PBXBuildFile; fileRef = 92B11730289D72880085CE68 /* UpdateResult.swift */; };
		92B1173328A4277F0085CE68 /* Request.swift in Sources */ = {isa = PBXBuildFile; fileRef = 92B1173228A4277F0085CE68 /* Request.swift */; };
		92B1173628B3E7240085CE68 /* UIImageExt.swift in Sources */ = {isa = PBXBuildFile; fileRef = 92B1173528B3E7240085CE68 /* UIImageExt.swift */; };
		92BE6CA7287CEB7000B55963 /* NavBarViewController.swift in Sources */ = {isa = PBXBuildFile; fileRef = 92BE6CA6287CEB7000B55963 /* NavBarViewController.swift */; };
		92BE6CAF2889DD9D00B55963 /* EmployeeRequest.swift in Sources */ = {isa = PBXBuildFile; fileRef = 92BE6CAE2889DD9D00B55963 /* EmployeeRequest.swift */; };
		92BE6CB22889DE3C00B55963 /* Employee.swift in Sources */ = {isa = PBXBuildFile; fileRef = 92BE6CB12889DE3C00B55963 /* Employee.swift */; };
		92BE6CB42889DF8600B55963 /* ShiftRequest.swift in Sources */ = {isa = PBXBuildFile; fileRef = 92BE6CB32889DF8600B55963 /* ShiftRequest.swift */; };
		92BE6CB62889DF9000B55963 /* Shift.swift in Sources */ = {isa = PBXBuildFile; fileRef = 92BE6CB52889DF9000B55963 /* Shift.swift */; };
		92C72BAB286AAD360030FE03 /* TimeClockViewController.swift in Sources */ = {isa = PBXBuildFile; fileRef = 92C72BAA286AAD360030FE03 /* TimeClockViewController.swift */; };
		92C72BAD286AAD470030FE03 /* TipSheetViewController.swift in Sources */ = {isa = PBXBuildFile; fileRef = 92C72BAC286AAD470030FE03 /* TipSheetViewController.swift */; };
		92C72BAF286AAD5A0030FE03 /* YourTipsViewController.swift in Sources */ = {isa = PBXBuildFile; fileRef = 92C72BAE286AAD5A0030FE03 /* YourTipsViewController.swift */; };
		92C72BB1286AAD6C0030FE03 /* YourTipsDetailController.swift in Sources */ = {isa = PBXBuildFile; fileRef = 92C72BB0286AAD6C0030FE03 /* YourTipsDetailController.swift */; };
		92C72BB3286AAD7C0030FE03 /* ProfileViewController.swift in Sources */ = {isa = PBXBuildFile; fileRef = 92C72BB2286AAD7C0030FE03 /* ProfileViewController.swift */; };
		92C72BB5286AAD8C0030FE03 /* TabBarViewController.swift in Sources */ = {isa = PBXBuildFile; fileRef = 92C72BB4286AAD8C0030FE03 /* TabBarViewController.swift */; };
		D93B9C6EEC03F6B6AEFC6A45 /* Pods_HomeBase_ios_HomeBase_iosUITests.framework in Frameworks */ = {isa = PBXBuildFile; fileRef = 1D72D4149981E8F4D74CF73E /* Pods_HomeBase_ios_HomeBase_iosUITests.framework */; };
		E19E9C901391ACCB285827E2 /* Pods_HomeBase_iosTests.framework in Frameworks */ = {isa = PBXBuildFile; fileRef = 761E4D68A09D14CC07118374 /* Pods_HomeBase_iosTests.framework */; };
/* End PBXBuildFile section */

/* Begin PBXContainerItemProxy section */
		928A78912858FA2900D4C17C /* PBXContainerItemProxy */ = {
			isa = PBXContainerItemProxy;
			containerPortal = 928A78722858FA2600D4C17C /* Project object */;
			proxyType = 1;
			remoteGlobalIDString = 928A78792858FA2600D4C17C;
			remoteInfo = "HomeBase-ios";
		};
		928A789B2858FA2900D4C17C /* PBXContainerItemProxy */ = {
			isa = PBXContainerItemProxy;
			containerPortal = 928A78722858FA2600D4C17C /* Project object */;
			proxyType = 1;
			remoteGlobalIDString = 928A78792858FA2600D4C17C;
			remoteInfo = "HomeBase-ios";
		};
/* End PBXContainerItemProxy section */

/* Begin PBXFileReference section */
		08BF156F2C29BB62D503A44E /* Pods-HomeBase-ios.release.xcconfig */ = {isa = PBXFileReference; includeInIndex = 1; lastKnownFileType = text.xcconfig; name = "Pods-HomeBase-ios.release.xcconfig"; path = "Target Support Files/Pods-HomeBase-ios/Pods-HomeBase-ios.release.xcconfig"; sourceTree = "<group>"; };
		0F736D50A3EDE7E8869428FE /* Pods-HomeBase-ios.debug.xcconfig */ = {isa = PBXFileReference; includeInIndex = 1; lastKnownFileType = text.xcconfig; name = "Pods-HomeBase-ios.debug.xcconfig"; path = "Target Support Files/Pods-HomeBase-ios/Pods-HomeBase-ios.debug.xcconfig"; sourceTree = "<group>"; };
		1D72D4149981E8F4D74CF73E /* Pods_HomeBase_ios_HomeBase_iosUITests.framework */ = {isa = PBXFileReference; explicitFileType = wrapper.framework; includeInIndex = 0; path = Pods_HomeBase_ios_HomeBase_iosUITests.framework; sourceTree = BUILT_PRODUCTS_DIR; };
		48F22AAFD7300DF578AB5CEE /* Pods-HomeBase-iosTests.release.xcconfig */ = {isa = PBXFileReference; includeInIndex = 1; lastKnownFileType = text.xcconfig; name = "Pods-HomeBase-iosTests.release.xcconfig"; path = "Target Support Files/Pods-HomeBase-iosTests/Pods-HomeBase-iosTests.release.xcconfig"; sourceTree = "<group>"; };
		5CA8BF4829BBBB1298D2BDC4 /* Pods-HomeBase-ios-HomeBase-iosUITests.debug.xcconfig */ = {isa = PBXFileReference; includeInIndex = 1; lastKnownFileType = text.xcconfig; name = "Pods-HomeBase-ios-HomeBase-iosUITests.debug.xcconfig"; path = "Target Support Files/Pods-HomeBase-ios-HomeBase-iosUITests/Pods-HomeBase-ios-HomeBase-iosUITests.debug.xcconfig"; sourceTree = "<group>"; };
		761E4D68A09D14CC07118374 /* Pods_HomeBase_iosTests.framework */ = {isa = PBXFileReference; explicitFileType = wrapper.framework; includeInIndex = 0; path = Pods_HomeBase_iosTests.framework; sourceTree = BUILT_PRODUCTS_DIR; };
		85623ABD65D4517D4098F967 /* Pods-HomeBase-ios-HomeBase-iosUITests.release.xcconfig */ = {isa = PBXFileReference; includeInIndex = 1; lastKnownFileType = text.xcconfig; name = "Pods-HomeBase-ios-HomeBase-iosUITests.release.xcconfig"; path = "Target Support Files/Pods-HomeBase-ios-HomeBase-iosUITests/Pods-HomeBase-ios-HomeBase-iosUITests.release.xcconfig"; sourceTree = "<group>"; };
		9206C48B2894C2EE00F74BE6 /* UIHelper.swift */ = {isa = PBXFileReference; lastKnownFileType = sourcecode.swift; path = UIHelper.swift; sourceTree = "<group>"; };
		928A787A2858FA2600D4C17C /* HomeBase-ios.app */ = {isa = PBXFileReference; explicitFileType = wrapper.application; includeInIndex = 0; path = "HomeBase-ios.app"; sourceTree = BUILT_PRODUCTS_DIR; };
		928A787D2858FA2600D4C17C /* AppDelegate.swift */ = {isa = PBXFileReference; lastKnownFileType = sourcecode.swift; path = AppDelegate.swift; sourceTree = "<group>"; };
		928A787F2858FA2600D4C17C /* SceneDelegate.swift */ = {isa = PBXFileReference; lastKnownFileType = sourcecode.swift; path = SceneDelegate.swift; sourceTree = "<group>"; };
		928A78842858FA2600D4C17C /* Base */ = {isa = PBXFileReference; lastKnownFileType = file.storyboard; name = Base; path = Base.lproj/Main.storyboard; sourceTree = "<group>"; };
		928A78862858FA2800D4C17C /* Assets.xcassets */ = {isa = PBXFileReference; lastKnownFileType = folder.assetcatalog; path = Assets.xcassets; sourceTree = "<group>"; };
		928A78892858FA2800D4C17C /* Base */ = {isa = PBXFileReference; lastKnownFileType = file.storyboard; name = Base; path = Base.lproj/LaunchScreen.storyboard; sourceTree = "<group>"; };
		928A788B2858FA2800D4C17C /* Info.plist */ = {isa = PBXFileReference; lastKnownFileType = text.plist.xml; path = Info.plist; sourceTree = "<group>"; };
		928A78902858FA2900D4C17C /* HomeBase-iosTests.xctest */ = {isa = PBXFileReference; explicitFileType = wrapper.cfbundle; includeInIndex = 0; path = "HomeBase-iosTests.xctest"; sourceTree = BUILT_PRODUCTS_DIR; };
		928A78942858FA2900D4C17C /* HomeBase_iosTests.swift */ = {isa = PBXFileReference; lastKnownFileType = sourcecode.swift; path = HomeBase_iosTests.swift; sourceTree = "<group>"; };
		928A789A2858FA2900D4C17C /* HomeBase-iosUITests.xctest */ = {isa = PBXFileReference; explicitFileType = wrapper.cfbundle; includeInIndex = 0; path = "HomeBase-iosUITests.xctest"; sourceTree = BUILT_PRODUCTS_DIR; };
		928A789E2858FA2900D4C17C /* HomeBase_iosUITests.swift */ = {isa = PBXFileReference; lastKnownFileType = sourcecode.swift; path = HomeBase_iosUITests.swift; sourceTree = "<group>"; };
		928A78A02858FA2900D4C17C /* HomeBase_iosUITestsLaunchTests.swift */ = {isa = PBXFileReference; lastKnownFileType = sourcecode.swift; path = HomeBase_iosUITestsLaunchTests.swift; sourceTree = "<group>"; };
		92A5225728937F3700FEEC2F /* ApiHelper.swift */ = {isa = PBXFileReference; lastKnownFileType = sourcecode.swift; path = ApiHelper.swift; sourceTree = "<group>"; };
		92A522592894BC0000FEEC2F /* LoginViewController.swift */ = {isa = PBXFileReference; lastKnownFileType = sourcecode.swift; path = LoginViewController.swift; sourceTree = "<group>"; };
		92A93CFF286AB37200957E50 /* Position.swift */ = {isa = PBXFileReference; lastKnownFileType = sourcecode.swift; path = Position.swift; sourceTree = "<group>"; };
		92A93D01286AB65A00957E50 /* TimeClockCell.swift */ = {isa = PBXFileReference; lastKnownFileType = sourcecode.swift; path = TimeClockCell.swift; sourceTree = "<group>"; };
		92A93D03286AB92900957E50 /* TipSheetCell.swift */ = {isa = PBXFileReference; lastKnownFileType = sourcecode.swift; path = TipSheetCell.swift; sourceTree = "<group>"; };
		92A93D05286ABA0A00957E50 /* YourTipsCell.swift */ = {isa = PBXFileReference; lastKnownFileType = sourcecode.swift; path = YourTipsCell.swift; sourceTree = "<group>"; };
		92B11730289D72880085CE68 /* UpdateResult.swift */ = {isa = PBXFileReference; lastKnownFileType = sourcecode.swift; path = UpdateResult.swift; sourceTree = "<group>"; };
		92B1173228A4277F0085CE68 /* Request.swift */ = {isa = PBXFileReference; lastKnownFileType = sourcecode.swift; path = Request.swift; sourceTree = "<group>"; };
		92B1173528B3E7240085CE68 /* UIImageExt.swift */ = {isa = PBXFileReference; lastKnownFileType = sourcecode.swift; path = UIImageExt.swift; sourceTree = "<group>"; };
		92BE6CA6287CEB7000B55963 /* NavBarViewController.swift */ = {isa = PBXFileReference; lastKnownFileType = sourcecode.swift; path = NavBarViewController.swift; sourceTree = "<group>"; };
		92BE6CAE2889DD9D00B55963 /* EmployeeRequest.swift */ = {isa = PBXFileReference; lastKnownFileType = sourcecode.swift; path = EmployeeRequest.swift; sourceTree = "<group>"; };
		92BE6CB12889DE3C00B55963 /* Employee.swift */ = {isa = PBXFileReference; lastKnownFileType = sourcecode.swift; path = Employee.swift; sourceTree = "<group>"; };
		92BE6CB32889DF8600B55963 /* ShiftRequest.swift */ = {isa = PBXFileReference; lastKnownFileType = sourcecode.swift; path = ShiftRequest.swift; sourceTree = "<group>"; };
		92BE6CB52889DF9000B55963 /* Shift.swift */ = {isa = PBXFileReference; lastKnownFileType = sourcecode.swift; path = Shift.swift; sourceTree = "<group>"; };
		92C72BAA286AAD360030FE03 /* TimeClockViewController.swift */ = {isa = PBXFileReference; lastKnownFileType = sourcecode.swift; path = TimeClockViewController.swift; sourceTree = "<group>"; };
		92C72BAC286AAD470030FE03 /* TipSheetViewController.swift */ = {isa = PBXFileReference; lastKnownFileType = sourcecode.swift; path = TipSheetViewController.swift; sourceTree = "<group>"; };
		92C72BAE286AAD5A0030FE03 /* YourTipsViewController.swift */ = {isa = PBXFileReference; lastKnownFileType = sourcecode.swift; path = YourTipsViewController.swift; sourceTree = "<group>"; };
		92C72BB0286AAD6C0030FE03 /* YourTipsDetailController.swift */ = {isa = PBXFileReference; lastKnownFileType = sourcecode.swift; path = YourTipsDetailController.swift; sourceTree = "<group>"; };
		92C72BB2286AAD7C0030FE03 /* ProfileViewController.swift */ = {isa = PBXFileReference; lastKnownFileType = sourcecode.swift; path = ProfileViewController.swift; sourceTree = "<group>"; };
		92C72BB4286AAD8C0030FE03 /* TabBarViewController.swift */ = {isa = PBXFileReference; lastKnownFileType = sourcecode.swift; path = TabBarViewController.swift; sourceTree = "<group>"; };
		A85FAD7C6318619A97C1599B /* Pods_HomeBase_ios.framework */ = {isa = PBXFileReference; explicitFileType = wrapper.framework; includeInIndex = 0; path = Pods_HomeBase_ios.framework; sourceTree = BUILT_PRODUCTS_DIR; };
		B0C4C0884CE2839DB8F4DF0C /* Pods-HomeBase-iosTests.debug.xcconfig */ = {isa = PBXFileReference; includeInIndex = 1; lastKnownFileType = text.xcconfig; name = "Pods-HomeBase-iosTests.debug.xcconfig"; path = "Target Support Files/Pods-HomeBase-iosTests/Pods-HomeBase-iosTests.debug.xcconfig"; sourceTree = "<group>"; };
/* End PBXFileReference section */

/* Begin PBXFrameworksBuildPhase section */
		928A78772858FA2600D4C17C /* Frameworks */ = {
			isa = PBXFrameworksBuildPhase;
			buildActionMask = 2147483647;
			files = (
				34B305C6BAE95AFEC6CE4CC9 /* Pods_HomeBase_ios.framework in Frameworks */,
			);
			runOnlyForDeploymentPostprocessing = 0;
		};
		928A788D2858FA2900D4C17C /* Frameworks */ = {
			isa = PBXFrameworksBuildPhase;
			buildActionMask = 2147483647;
			files = (
				E19E9C901391ACCB285827E2 /* Pods_HomeBase_iosTests.framework in Frameworks */,
			);
			runOnlyForDeploymentPostprocessing = 0;
		};
		928A78972858FA2900D4C17C /* Frameworks */ = {
			isa = PBXFrameworksBuildPhase;
			buildActionMask = 2147483647;
			files = (
				D93B9C6EEC03F6B6AEFC6A45 /* Pods_HomeBase_ios_HomeBase_iosUITests.framework in Frameworks */,
			);
			runOnlyForDeploymentPostprocessing = 0;
		};
/* End PBXFrameworksBuildPhase section */

/* Begin PBXGroup section */
		56CBC68061B2414BADBBEC1D /* Frameworks */ = {
			isa = PBXGroup;
			children = (
				A85FAD7C6318619A97C1599B /* Pods_HomeBase_ios.framework */,
				1D72D4149981E8F4D74CF73E /* Pods_HomeBase_ios_HomeBase_iosUITests.framework */,
				761E4D68A09D14CC07118374 /* Pods_HomeBase_iosTests.framework */,
			);
			name = Frameworks;
			sourceTree = "<group>";
		};
		928A78712858FA2600D4C17C = {
			isa = PBXGroup;
			children = (
				928A787C2858FA2600D4C17C /* HomeBase-ios */,
				928A78932858FA2900D4C17C /* HomeBase-iosTests */,
				928A789D2858FA2900D4C17C /* HomeBase-iosUITests */,
				928A787B2858FA2600D4C17C /* Products */,
				BD9AF1455C7F0CC44DA52E03 /* Pods */,
				56CBC68061B2414BADBBEC1D /* Frameworks */,
			);
			sourceTree = "<group>";
		};
		928A787B2858FA2600D4C17C /* Products */ = {
			isa = PBXGroup;
			children = (
				928A787A2858FA2600D4C17C /* HomeBase-ios.app */,
				928A78902858FA2900D4C17C /* HomeBase-iosTests.xctest */,
				928A789A2858FA2900D4C17C /* HomeBase-iosUITests.xctest */,
			);
			name = Products;
			sourceTree = "<group>";
		};
		928A787C2858FA2600D4C17C /* HomeBase-ios */ = {
			isa = PBXGroup;
			children = (
				92B1173428B3E70E0085CE68 /* Extensions */,
				92BE6CB02889DE3000B55963 /* models */,
				92BE6CAD2889DCEB00B55963 /* api */,
				92BE6CAC2889DCCC00B55963 /* viewControllers */,
				92BE6CAB2889DC8F00B55963 /* tableCells */,
				928A787D2858FA2600D4C17C /* AppDelegate.swift */,
				928A787F2858FA2600D4C17C /* SceneDelegate.swift */,
				92A93CFF286AB37200957E50 /* Position.swift */,
				9206C48B2894C2EE00F74BE6 /* UIHelper.swift */,
				928A78832858FA2600D4C17C /* Main.storyboard */,
				928A78862858FA2800D4C17C /* Assets.xcassets */,
				928A78882858FA2800D4C17C /* LaunchScreen.storyboard */,
				928A788B2858FA2800D4C17C /* Info.plist */,
			);
			path = "HomeBase-ios";
			sourceTree = "<group>";
		};
		928A78932858FA2900D4C17C /* HomeBase-iosTests */ = {
			isa = PBXGroup;
			children = (
				928A78942858FA2900D4C17C /* HomeBase_iosTests.swift */,
			);
			path = "HomeBase-iosTests";
			sourceTree = "<group>";
		};
		928A789D2858FA2900D4C17C /* HomeBase-iosUITests */ = {
			isa = PBXGroup;
			children = (
				928A789E2858FA2900D4C17C /* HomeBase_iosUITests.swift */,
				928A78A02858FA2900D4C17C /* HomeBase_iosUITestsLaunchTests.swift */,
			);
			path = "HomeBase-iosUITests";
			sourceTree = "<group>";
		};
		92B1173428B3E70E0085CE68 /* Extensions */ = {
			isa = PBXGroup;
			children = (
				92B1173528B3E7240085CE68 /* UIImageExt.swift */,
			);
			path = Extensions;
			sourceTree = "<group>";
		};
		92BE6CAB2889DC8F00B55963 /* tableCells */ = {
			isa = PBXGroup;
			children = (
				92A93D01286AB65A00957E50 /* TimeClockCell.swift */,
				92A93D03286AB92900957E50 /* TipSheetCell.swift */,
				92A93D05286ABA0A00957E50 /* YourTipsCell.swift */,
			);
			path = tableCells;
			sourceTree = "<group>";
		};
		92BE6CAC2889DCCC00B55963 /* viewControllers */ = {
			isa = PBXGroup;
			children = (
				92C72BAA286AAD360030FE03 /* TimeClockViewController.swift */,
				92C72BAC286AAD470030FE03 /* TipSheetViewController.swift */,
				92C72BAE286AAD5A0030FE03 /* YourTipsViewController.swift */,
				92C72BB0286AAD6C0030FE03 /* YourTipsDetailController.swift */,
				92C72BB2286AAD7C0030FE03 /* ProfileViewController.swift */,
				92C72BB4286AAD8C0030FE03 /* TabBarViewController.swift */,
				92BE6CA6287CEB7000B55963 /* NavBarViewController.swift */,
				92A522592894BC0000FEEC2F /* LoginViewController.swift */,
			);
			path = viewControllers;
			sourceTree = "<group>";
		};
		92BE6CAD2889DCEB00B55963 /* api */ = {
			isa = PBXGroup;
			children = (
				92BE6CAE2889DD9D00B55963 /* EmployeeRequest.swift */,
				92BE6CB32889DF8600B55963 /* ShiftRequest.swift */,
				92A5225728937F3700FEEC2F /* ApiHelper.swift */,
				92B1173228A4277F0085CE68 /* Request.swift */,
			);
			path = api;
			sourceTree = "<group>";
		};
		92BE6CB02889DE3000B55963 /* models */ = {
			isa = PBXGroup;
			children = (
				92BE6CB12889DE3C00B55963 /* Employee.swift */,
				92BE6CB52889DF9000B55963 /* Shift.swift */,
				92B11730289D72880085CE68 /* UpdateResult.swift */,
			);
			path = models;
			sourceTree = "<group>";
		};
		BD9AF1455C7F0CC44DA52E03 /* Pods */ = {
			isa = PBXGroup;
			children = (
				0F736D50A3EDE7E8869428FE /* Pods-HomeBase-ios.debug.xcconfig */,
				08BF156F2C29BB62D503A44E /* Pods-HomeBase-ios.release.xcconfig */,
				5CA8BF4829BBBB1298D2BDC4 /* Pods-HomeBase-ios-HomeBase-iosUITests.debug.xcconfig */,
				85623ABD65D4517D4098F967 /* Pods-HomeBase-ios-HomeBase-iosUITests.release.xcconfig */,
				B0C4C0884CE2839DB8F4DF0C /* Pods-HomeBase-iosTests.debug.xcconfig */,
				48F22AAFD7300DF578AB5CEE /* Pods-HomeBase-iosTests.release.xcconfig */,
			);
			path = Pods;
			sourceTree = "<group>";
		};
/* End PBXGroup section */

/* Begin PBXNativeTarget section */
		928A78792858FA2600D4C17C /* HomeBase-ios */ = {
			isa = PBXNativeTarget;
			buildConfigurationList = 928A78A42858FA2900D4C17C /* Build configuration list for PBXNativeTarget "HomeBase-ios" */;
			buildPhases = (
				89E62D4DC68275269221782E /* [CP] Check Pods Manifest.lock */,
				928A78762858FA2600D4C17C /* Sources */,
				928A78772858FA2600D4C17C /* Frameworks */,
				928A78782858FA2600D4C17C /* Resources */,
				9167114BC4C748961FD697BB /* [CP] Embed Pods Frameworks */,
			);
			buildRules = (
			);
			dependencies = (
			);
			name = "HomeBase-ios";
			productName = "HomeBase-ios";
			productReference = 928A787A2858FA2600D4C17C /* HomeBase-ios.app */;
			productType = "com.apple.product-type.application";
		};
		928A788F2858FA2900D4C17C /* HomeBase-iosTests */ = {
			isa = PBXNativeTarget;
			buildConfigurationList = 928A78A72858FA2900D4C17C /* Build configuration list for PBXNativeTarget "HomeBase-iosTests" */;
			buildPhases = (
				2B21B9D025481D27AC1A35F5 /* [CP] Check Pods Manifest.lock */,
				928A788C2858FA2900D4C17C /* Sources */,
				928A788D2858FA2900D4C17C /* Frameworks */,
				928A788E2858FA2900D4C17C /* Resources */,
			);
			buildRules = (
			);
			dependencies = (
				928A78922858FA2900D4C17C /* PBXTargetDependency */,
			);
			name = "HomeBase-iosTests";
			productName = "HomeBase-iosTests";
			productReference = 928A78902858FA2900D4C17C /* HomeBase-iosTests.xctest */;
			productType = "com.apple.product-type.bundle.unit-test";
		};
		928A78992858FA2900D4C17C /* HomeBase-iosUITests */ = {
			isa = PBXNativeTarget;
			buildConfigurationList = 928A78AA2858FA2900D4C17C /* Build configuration list for PBXNativeTarget "HomeBase-iosUITests" */;
			buildPhases = (
				CE9F08CF13A10195041AF649 /* [CP] Check Pods Manifest.lock */,
				928A78962858FA2900D4C17C /* Sources */,
				928A78972858FA2900D4C17C /* Frameworks */,
				928A78982858FA2900D4C17C /* Resources */,
				C0164CEA3D1EB5B87CE45EE4 /* [CP] Embed Pods Frameworks */,
			);
			buildRules = (
			);
			dependencies = (
				928A789C2858FA2900D4C17C /* PBXTargetDependency */,
			);
			name = "HomeBase-iosUITests";
			productName = "HomeBase-iosUITests";
			productReference = 928A789A2858FA2900D4C17C /* HomeBase-iosUITests.xctest */;
			productType = "com.apple.product-type.bundle.ui-testing";
		};
/* End PBXNativeTarget section */

/* Begin PBXProject section */
		928A78722858FA2600D4C17C /* Project object */ = {
			isa = PBXProject;
			attributes = {
				BuildIndependentTargetsInParallel = 1;
				LastSwiftUpdateCheck = 1340;
				LastUpgradeCheck = 1340;
				TargetAttributes = {
					928A78792858FA2600D4C17C = {
						CreatedOnToolsVersion = 13.4.1;
					};
					928A788F2858FA2900D4C17C = {
						CreatedOnToolsVersion = 13.4.1;
						TestTargetID = 928A78792858FA2600D4C17C;
					};
					928A78992858FA2900D4C17C = {
						CreatedOnToolsVersion = 13.4.1;
						TestTargetID = 928A78792858FA2600D4C17C;
					};
				};
			};
			buildConfigurationList = 928A78752858FA2600D4C17C /* Build configuration list for PBXProject "HomeBase-ios" */;
			compatibilityVersion = "Xcode 13.0";
			developmentRegion = en;
			hasScannedForEncodings = 0;
			knownRegions = (
				en,
				Base,
			);
			mainGroup = 928A78712858FA2600D4C17C;
			productRefGroup = 928A787B2858FA2600D4C17C /* Products */;
			projectDirPath = "";
			projectRoot = "";
			targets = (
				928A78792858FA2600D4C17C /* HomeBase-ios */,
				928A788F2858FA2900D4C17C /* HomeBase-iosTests */,
				928A78992858FA2900D4C17C /* HomeBase-iosUITests */,
			);
		};
/* End PBXProject section */

/* Begin PBXResourcesBuildPhase section */
		928A78782858FA2600D4C17C /* Resources */ = {
			isa = PBXResourcesBuildPhase;
			buildActionMask = 2147483647;
			files = (
				928A788A2858FA2800D4C17C /* LaunchScreen.storyboard in Resources */,
				928A78872858FA2800D4C17C /* Assets.xcassets in Resources */,
				928A78852858FA2600D4C17C /* Main.storyboard in Resources */,
			);
			runOnlyForDeploymentPostprocessing = 0;
		};
		928A788E2858FA2900D4C17C /* Resources */ = {
			isa = PBXResourcesBuildPhase;
			buildActionMask = 2147483647;
			files = (
			);
			runOnlyForDeploymentPostprocessing = 0;
		};
		928A78982858FA2900D4C17C /* Resources */ = {
			isa = PBXResourcesBuildPhase;
			buildActionMask = 2147483647;
			files = (
			);
			runOnlyForDeploymentPostprocessing = 0;
		};
/* End PBXResourcesBuildPhase section */

/* Begin PBXShellScriptBuildPhase section */
		2B21B9D025481D27AC1A35F5 /* [CP] Check Pods Manifest.lock */ = {
			isa = PBXShellScriptBuildPhase;
			buildActionMask = 2147483647;
			files = (
			);
			inputFileListPaths = (
			);
			inputPaths = (
				"${PODS_PODFILE_DIR_PATH}/Podfile.lock",
				"${PODS_ROOT}/Manifest.lock",
			);
			name = "[CP] Check Pods Manifest.lock";
			outputFileListPaths = (
			);
			outputPaths = (
				"$(DERIVED_FILE_DIR)/Pods-HomeBase-iosTests-checkManifestLockResult.txt",
			);
			runOnlyForDeploymentPostprocessing = 0;
			shellPath = /bin/sh;
			shellScript = "diff \"${PODS_PODFILE_DIR_PATH}/Podfile.lock\" \"${PODS_ROOT}/Manifest.lock\" > /dev/null\nif [ $? != 0 ] ; then\n    # print error to STDERR\n    echo \"error: The sandbox is not in sync with the Podfile.lock. Run 'pod install' or update your CocoaPods installation.\" >&2\n    exit 1\nfi\n# This output is used by Xcode 'outputs' to avoid re-running this script phase.\necho \"SUCCESS\" > \"${SCRIPT_OUTPUT_FILE_0}\"\n";
			showEnvVarsInLog = 0;
		};
		89E62D4DC68275269221782E /* [CP] Check Pods Manifest.lock */ = {
			isa = PBXShellScriptBuildPhase;
			buildActionMask = 2147483647;
			files = (
			);
			inputFileListPaths = (
			);
			inputPaths = (
				"${PODS_PODFILE_DIR_PATH}/Podfile.lock",
				"${PODS_ROOT}/Manifest.lock",
			);
			name = "[CP] Check Pods Manifest.lock";
			outputFileListPaths = (
			);
			outputPaths = (
				"$(DERIVED_FILE_DIR)/Pods-HomeBase-ios-checkManifestLockResult.txt",
			);
			runOnlyForDeploymentPostprocessing = 0;
			shellPath = /bin/sh;
			shellScript = "diff \"${PODS_PODFILE_DIR_PATH}/Podfile.lock\" \"${PODS_ROOT}/Manifest.lock\" > /dev/null\nif [ $? != 0 ] ; then\n    # print error to STDERR\n    echo \"error: The sandbox is not in sync with the Podfile.lock. Run 'pod install' or update your CocoaPods installation.\" >&2\n    exit 1\nfi\n# This output is used by Xcode 'outputs' to avoid re-running this script phase.\necho \"SUCCESS\" > \"${SCRIPT_OUTPUT_FILE_0}\"\n";
			showEnvVarsInLog = 0;
		};
		9167114BC4C748961FD697BB /* [CP] Embed Pods Frameworks */ = {
			isa = PBXShellScriptBuildPhase;
			buildActionMask = 2147483647;
			files = (
			);
			inputFileListPaths = (
				"${PODS_ROOT}/Target Support Files/Pods-HomeBase-ios/Pods-HomeBase-ios-frameworks-${CONFIGURATION}-input-files.xcfilelist",
			);
			name = "[CP] Embed Pods Frameworks";
			outputFileListPaths = (
				"${PODS_ROOT}/Target Support Files/Pods-HomeBase-ios/Pods-HomeBase-ios-frameworks-${CONFIGURATION}-output-files.xcfilelist",
			);
			runOnlyForDeploymentPostprocessing = 0;
			shellPath = /bin/sh;
			shellScript = "\"${PODS_ROOT}/Target Support Files/Pods-HomeBase-ios/Pods-HomeBase-ios-frameworks.sh\"\n";
			showEnvVarsInLog = 0;
		};
		C0164CEA3D1EB5B87CE45EE4 /* [CP] Embed Pods Frameworks */ = {
			isa = PBXShellScriptBuildPhase;
			buildActionMask = 2147483647;
			files = (
			);
			inputFileListPaths = (
				"${PODS_ROOT}/Target Support Files/Pods-HomeBase-ios-HomeBase-iosUITests/Pods-HomeBase-ios-HomeBase-iosUITests-frameworks-${CONFIGURATION}-input-files.xcfilelist",
			);
			name = "[CP] Embed Pods Frameworks";
			outputFileListPaths = (
				"${PODS_ROOT}/Target Support Files/Pods-HomeBase-ios-HomeBase-iosUITests/Pods-HomeBase-ios-HomeBase-iosUITests-frameworks-${CONFIGURATION}-output-files.xcfilelist",
			);
			runOnlyForDeploymentPostprocessing = 0;
			shellPath = /bin/sh;
			shellScript = "\"${PODS_ROOT}/Target Support Files/Pods-HomeBase-ios-HomeBase-iosUITests/Pods-HomeBase-ios-HomeBase-iosUITests-frameworks.sh\"\n";
			showEnvVarsInLog = 0;
		};
		CE9F08CF13A10195041AF649 /* [CP] Check Pods Manifest.lock */ = {
			isa = PBXShellScriptBuildPhase;
			buildActionMask = 2147483647;
			files = (
			);
			inputFileListPaths = (
			);
			inputPaths = (
				"${PODS_PODFILE_DIR_PATH}/Podfile.lock",
				"${PODS_ROOT}/Manifest.lock",
			);
			name = "[CP] Check Pods Manifest.lock";
			outputFileListPaths = (
			);
			outputPaths = (
				"$(DERIVED_FILE_DIR)/Pods-HomeBase-ios-HomeBase-iosUITests-checkManifestLockResult.txt",
			);
			runOnlyForDeploymentPostprocessing = 0;
			shellPath = /bin/sh;
			shellScript = "diff \"${PODS_PODFILE_DIR_PATH}/Podfile.lock\" \"${PODS_ROOT}/Manifest.lock\" > /dev/null\nif [ $? != 0 ] ; then\n    # print error to STDERR\n    echo \"error: The sandbox is not in sync with the Podfile.lock. Run 'pod install' or update your CocoaPods installation.\" >&2\n    exit 1\nfi\n# This output is used by Xcode 'outputs' to avoid re-running this script phase.\necho \"SUCCESS\" > \"${SCRIPT_OUTPUT_FILE_0}\"\n";
			showEnvVarsInLog = 0;
		};
/* End PBXShellScriptBuildPhase section */

/* Begin PBXSourcesBuildPhase section */
		928A78762858FA2600D4C17C /* Sources */ = {
			isa = PBXSourcesBuildPhase;
			buildActionMask = 2147483647;
			files = (
				92C72BAD286AAD470030FE03 /* TipSheetViewController.swift in Sources */,
				92C72BB1286AAD6C0030FE03 /* YourTipsDetailController.swift in Sources */,
				92BE6CA7287CEB7000B55963 /* NavBarViewController.swift in Sources */,
				92A93D02286AB65A00957E50 /* TimeClockCell.swift in Sources */,
				92A5225A2894BC0000FEEC2F /* LoginViewController.swift in Sources */,
				9206C48C2894C2EE00F74BE6 /* UIHelper.swift in Sources */,
				92BE6CB62889DF9000B55963 /* Shift.swift in Sources */,
				92BE6CB42889DF8600B55963 /* ShiftRequest.swift in Sources */,
				92A93D06286ABA0A00957E50 /* YourTipsCell.swift in Sources */,
				92B1173628B3E7240085CE68 /* UIImageExt.swift in Sources */,
				928A787E2858FA2600D4C17C /* AppDelegate.swift in Sources */,
				92C72BB5286AAD8C0030FE03 /* TabBarViewController.swift in Sources */,
				92C72BAB286AAD360030FE03 /* TimeClockViewController.swift in Sources */,
				92BE6CAF2889DD9D00B55963 /* EmployeeRequest.swift in Sources */,
				92A93D04286AB92900957E50 /* TipSheetCell.swift in Sources */,
				92A5225828937F3700FEEC2F /* ApiHelper.swift in Sources */,
				92B1173328A4277F0085CE68 /* Request.swift in Sources */,
				92B11731289D72880085CE68 /* UpdateResult.swift in Sources */,
				928A78802858FA2600D4C17C /* SceneDelegate.swift in Sources */,
				92C72BB3286AAD7C0030FE03 /* ProfileViewController.swift in Sources */,
				92A93D00286AB37200957E50 /* Position.swift in Sources */,
				92BE6CB22889DE3C00B55963 /* Employee.swift in Sources */,
				92C72BAF286AAD5A0030FE03 /* YourTipsViewController.swift in Sources */,
			);
			runOnlyForDeploymentPostprocessing = 0;
		};
		928A788C2858FA2900D4C17C /* Sources */ = {
			isa = PBXSourcesBuildPhase;
			buildActionMask = 2147483647;
			files = (
				928A78952858FA2900D4C17C /* HomeBase_iosTests.swift in Sources */,
			);
			runOnlyForDeploymentPostprocessing = 0;
		};
		928A78962858FA2900D4C17C /* Sources */ = {
			isa = PBXSourcesBuildPhase;
			buildActionMask = 2147483647;
			files = (
				928A78A12858FA2900D4C17C /* HomeBase_iosUITestsLaunchTests.swift in Sources */,
				928A789F2858FA2900D4C17C /* HomeBase_iosUITests.swift in Sources */,
			);
			runOnlyForDeploymentPostprocessing = 0;
		};
/* End PBXSourcesBuildPhase section */

/* Begin PBXTargetDependency section */
		928A78922858FA2900D4C17C /* PBXTargetDependency */ = {
			isa = PBXTargetDependency;
			target = 928A78792858FA2600D4C17C /* HomeBase-ios */;
			targetProxy = 928A78912858FA2900D4C17C /* PBXContainerItemProxy */;
		};
		928A789C2858FA2900D4C17C /* PBXTargetDependency */ = {
			isa = PBXTargetDependency;
			target = 928A78792858FA2600D4C17C /* HomeBase-ios */;
			targetProxy = 928A789B2858FA2900D4C17C /* PBXContainerItemProxy */;
		};
/* End PBXTargetDependency section */

/* Begin PBXVariantGroup section */
		928A78832858FA2600D4C17C /* Main.storyboard */ = {
			isa = PBXVariantGroup;
			children = (
				928A78842858FA2600D4C17C /* Base */,
			);
			name = Main.storyboard;
			sourceTree = "<group>";
		};
		928A78882858FA2800D4C17C /* LaunchScreen.storyboard */ = {
			isa = PBXVariantGroup;
			children = (
				928A78892858FA2800D4C17C /* Base */,
			);
			name = LaunchScreen.storyboard;
			sourceTree = "<group>";
		};
/* End PBXVariantGroup section */

/* Begin XCBuildConfiguration section */
		928A78A22858FA2900D4C17C /* Debug */ = {
			isa = XCBuildConfiguration;
			buildSettings = {
				ALWAYS_SEARCH_USER_PATHS = NO;
				CLANG_ANALYZER_NONNULL = YES;
				CLANG_ANALYZER_NUMBER_OBJECT_CONVERSION = YES_AGGRESSIVE;
				CLANG_CXX_LANGUAGE_STANDARD = "gnu++17";
				CLANG_ENABLE_MODULES = YES;
				CLANG_ENABLE_OBJC_ARC = YES;
				CLANG_ENABLE_OBJC_WEAK = YES;
				CLANG_WARN_BLOCK_CAPTURE_AUTORELEASING = YES;
				CLANG_WARN_BOOL_CONVERSION = YES;
				CLANG_WARN_COMMA = YES;
				CLANG_WARN_CONSTANT_CONVERSION = YES;
				CLANG_WARN_DEPRECATED_OBJC_IMPLEMENTATIONS = YES;
				CLANG_WARN_DIRECT_OBJC_ISA_USAGE = YES_ERROR;
				CLANG_WARN_DOCUMENTATION_COMMENTS = YES;
				CLANG_WARN_EMPTY_BODY = YES;
				CLANG_WARN_ENUM_CONVERSION = YES;
				CLANG_WARN_INFINITE_RECURSION = YES;
				CLANG_WARN_INT_CONVERSION = YES;
				CLANG_WARN_NON_LITERAL_NULL_CONVERSION = YES;
				CLANG_WARN_OBJC_IMPLICIT_RETAIN_SELF = YES;
				CLANG_WARN_OBJC_LITERAL_CONVERSION = YES;
				CLANG_WARN_OBJC_ROOT_CLASS = YES_ERROR;
				CLANG_WARN_QUOTED_INCLUDE_IN_FRAMEWORK_HEADER = YES;
				CLANG_WARN_RANGE_LOOP_ANALYSIS = YES;
				CLANG_WARN_STRICT_PROTOTYPES = YES;
				CLANG_WARN_SUSPICIOUS_MOVE = YES;
				CLANG_WARN_UNGUARDED_AVAILABILITY = YES_AGGRESSIVE;
				CLANG_WARN_UNREACHABLE_CODE = YES;
				CLANG_WARN__DUPLICATE_METHOD_MATCH = YES;
				COPY_PHASE_STRIP = NO;
				DEBUG_INFORMATION_FORMAT = dwarf;
				ENABLE_STRICT_OBJC_MSGSEND = YES;
				ENABLE_TESTABILITY = YES;
				GCC_C_LANGUAGE_STANDARD = gnu11;
				GCC_DYNAMIC_NO_PIC = NO;
				GCC_NO_COMMON_BLOCKS = YES;
				GCC_OPTIMIZATION_LEVEL = 0;
				GCC_PREPROCESSOR_DEFINITIONS = (
					"DEBUG=1",
					"$(inherited)",
				);
				GCC_WARN_64_TO_32_BIT_CONVERSION = YES;
				GCC_WARN_ABOUT_RETURN_TYPE = YES_ERROR;
				GCC_WARN_UNDECLARED_SELECTOR = YES;
				GCC_WARN_UNINITIALIZED_AUTOS = YES_AGGRESSIVE;
				GCC_WARN_UNUSED_FUNCTION = YES;
				GCC_WARN_UNUSED_VARIABLE = YES;
				IPHONEOS_DEPLOYMENT_TARGET = 15.5;
				MTL_ENABLE_DEBUG_INFO = INCLUDE_SOURCE;
				MTL_FAST_MATH = YES;
				ONLY_ACTIVE_ARCH = YES;
				SDKROOT = iphoneos;
				SWIFT_ACTIVE_COMPILATION_CONDITIONS = DEBUG;
				SWIFT_OPTIMIZATION_LEVEL = "-Onone";
			};
			name = Debug;
		};
		928A78A32858FA2900D4C17C /* Release */ = {
			isa = XCBuildConfiguration;
			buildSettings = {
				ALWAYS_SEARCH_USER_PATHS = NO;
				CLANG_ANALYZER_NONNULL = YES;
				CLANG_ANALYZER_NUMBER_OBJECT_CONVERSION = YES_AGGRESSIVE;
				CLANG_CXX_LANGUAGE_STANDARD = "gnu++17";
				CLANG_ENABLE_MODULES = YES;
				CLANG_ENABLE_OBJC_ARC = YES;
				CLANG_ENABLE_OBJC_WEAK = YES;
				CLANG_WARN_BLOCK_CAPTURE_AUTORELEASING = YES;
				CLANG_WARN_BOOL_CONVERSION = YES;
				CLANG_WARN_COMMA = YES;
				CLANG_WARN_CONSTANT_CONVERSION = YES;
				CLANG_WARN_DEPRECATED_OBJC_IMPLEMENTATIONS = YES;
				CLANG_WARN_DIRECT_OBJC_ISA_USAGE = YES_ERROR;
				CLANG_WARN_DOCUMENTATION_COMMENTS = YES;
				CLANG_WARN_EMPTY_BODY = YES;
				CLANG_WARN_ENUM_CONVERSION = YES;
				CLANG_WARN_INFINITE_RECURSION = YES;
				CLANG_WARN_INT_CONVERSION = YES;
				CLANG_WARN_NON_LITERAL_NULL_CONVERSION = YES;
				CLANG_WARN_OBJC_IMPLICIT_RETAIN_SELF = YES;
				CLANG_WARN_OBJC_LITERAL_CONVERSION = YES;
				CLANG_WARN_OBJC_ROOT_CLASS = YES_ERROR;
				CLANG_WARN_QUOTED_INCLUDE_IN_FRAMEWORK_HEADER = YES;
				CLANG_WARN_RANGE_LOOP_ANALYSIS = YES;
				CLANG_WARN_STRICT_PROTOTYPES = YES;
				CLANG_WARN_SUSPICIOUS_MOVE = YES;
				CLANG_WARN_UNGUARDED_AVAILABILITY = YES_AGGRESSIVE;
				CLANG_WARN_UNREACHABLE_CODE = YES;
				CLANG_WARN__DUPLICATE_METHOD_MATCH = YES;
				COPY_PHASE_STRIP = NO;
				DEBUG_INFORMATION_FORMAT = "dwarf-with-dsym";
				ENABLE_NS_ASSERTIONS = NO;
				ENABLE_STRICT_OBJC_MSGSEND = YES;
				GCC_C_LANGUAGE_STANDARD = gnu11;
				GCC_NO_COMMON_BLOCKS = YES;
				GCC_WARN_64_TO_32_BIT_CONVERSION = YES;
				GCC_WARN_ABOUT_RETURN_TYPE = YES_ERROR;
				GCC_WARN_UNDECLARED_SELECTOR = YES;
				GCC_WARN_UNINITIALIZED_AUTOS = YES_AGGRESSIVE;
				GCC_WARN_UNUSED_FUNCTION = YES;
				GCC_WARN_UNUSED_VARIABLE = YES;
				IPHONEOS_DEPLOYMENT_TARGET = 15.5;
				MTL_ENABLE_DEBUG_INFO = NO;
				MTL_FAST_MATH = YES;
				SDKROOT = iphoneos;
				SWIFT_COMPILATION_MODE = wholemodule;
				SWIFT_OPTIMIZATION_LEVEL = "-O";
				VALIDATE_PRODUCT = YES;
			};
			name = Release;
		};
		928A78A52858FA2900D4C17C /* Debug */ = {
			isa = XCBuildConfiguration;
			baseConfigurationReference = 0F736D50A3EDE7E8869428FE /* Pods-HomeBase-ios.debug.xcconfig */;
			buildSettings = {
				ALWAYS_EMBED_SWIFT_STANDARD_LIBRARIES = "$(inherited)";
				ASSETCATALOG_COMPILER_APPICON_NAME = AppIcon;
				ASSETCATALOG_COMPILER_GLOBAL_ACCENT_COLOR_NAME = AccentColor;
				CODE_SIGN_STYLE = Automatic;
				CURRENT_PROJECT_VERSION = 1;
				DEVELOPMENT_TEAM = 7T52EN483V;
				GENERATE_INFOPLIST_FILE = YES;
				INFOPLIST_FILE = "HomeBase-ios/Info.plist";
				INFOPLIST_KEY_UIApplicationSupportsIndirectInputEvents = YES;
				INFOPLIST_KEY_UILaunchStoryboardName = LaunchScreen;
				INFOPLIST_KEY_UIMainStoryboardFile = Main;
				INFOPLIST_KEY_UISupportedInterfaceOrientations_iPad = "UIInterfaceOrientationPortrait UIInterfaceOrientationPortraitUpsideDown UIInterfaceOrientationLandscapeLeft UIInterfaceOrientationLandscapeRight";
				INFOPLIST_KEY_UISupportedInterfaceOrientations_iPhone = "UIInterfaceOrientationPortrait UIInterfaceOrientationLandscapeLeft UIInterfaceOrientationLandscapeRight";
				LD_RUNPATH_SEARCH_PATHS = (
					"$(inherited)",
					"@executable_path/Frameworks",
				);
				MARKETING_VERSION = 1.0;
				PRODUCT_BUNDLE_IDENTIFIER = "com.cturczynski.HomeBase-ios";
				PRODUCT_NAME = "$(TARGET_NAME)";
				SWIFT_EMIT_LOC_STRINGS = YES;
				SWIFT_VERSION = 5.0;
				TARGETED_DEVICE_FAMILY = "1,2";
			};
			name = Debug;
		};
		928A78A62858FA2900D4C17C /* Release */ = {
			isa = XCBuildConfiguration;
			baseConfigurationReference = 08BF156F2C29BB62D503A44E /* Pods-HomeBase-ios.release.xcconfig */;
			buildSettings = {
				ALWAYS_EMBED_SWIFT_STANDARD_LIBRARIES = "$(inherited)";
				ASSETCATALOG_COMPILER_APPICON_NAME = AppIcon;
				ASSETCATALOG_COMPILER_GLOBAL_ACCENT_COLOR_NAME = AccentColor;
				CODE_SIGN_STYLE = Automatic;
				CURRENT_PROJECT_VERSION = 1;
				DEVELOPMENT_TEAM = 7T52EN483V;
				GENERATE_INFOPLIST_FILE = YES;
				INFOPLIST_FILE = "HomeBase-ios/Info.plist";
				INFOPLIST_KEY_UIApplicationSupportsIndirectInputEvents = YES;
				INFOPLIST_KEY_UILaunchStoryboardName = LaunchScreen;
				INFOPLIST_KEY_UIMainStoryboardFile = Main;
				INFOPLIST_KEY_UISupportedInterfaceOrientations_iPad = "UIInterfaceOrientationPortrait UIInterfaceOrientationPortraitUpsideDown UIInterfaceOrientationLandscapeLeft UIInterfaceOrientationLandscapeRight";
				INFOPLIST_KEY_UISupportedInterfaceOrientations_iPhone = "UIInterfaceOrientationPortrait UIInterfaceOrientationLandscapeLeft UIInterfaceOrientationLandscapeRight";
				LD_RUNPATH_SEARCH_PATHS = (
					"$(inherited)",
					"@executable_path/Frameworks",
				);
				MARKETING_VERSION = 1.0;
				PRODUCT_BUNDLE_IDENTIFIER = "com.cturczynski.HomeBase-ios";
				PRODUCT_NAME = "$(TARGET_NAME)";
				SWIFT_EMIT_LOC_STRINGS = YES;
				SWIFT_VERSION = 5.0;
				TARGETED_DEVICE_FAMILY = "1,2";
			};
			name = Release;
		};
		928A78A82858FA2900D4C17C /* Debug */ = {
			isa = XCBuildConfiguration;
			baseConfigurationReference = B0C4C0884CE2839DB8F4DF0C /* Pods-HomeBase-iosTests.debug.xcconfig */;
			buildSettings = {
				ALWAYS_EMBED_SWIFT_STANDARD_LIBRARIES = "$(inherited)";
				BUNDLE_LOADER = "$(TEST_HOST)";
				CODE_SIGN_STYLE = Automatic;
				CURRENT_PROJECT_VERSION = 1;
				DEVELOPMENT_TEAM = 7T52EN483V;
				GENERATE_INFOPLIST_FILE = YES;
				IPHONEOS_DEPLOYMENT_TARGET = 15.5;
				MARKETING_VERSION = 1.0;
				PRODUCT_BUNDLE_IDENTIFIER = "com.cturczynski.HomeBase-iosTests";
				PRODUCT_NAME = "$(TARGET_NAME)";
				SWIFT_EMIT_LOC_STRINGS = NO;
				SWIFT_VERSION = 5.0;
				TARGETED_DEVICE_FAMILY = "1,2";
				TEST_HOST = "$(BUILT_PRODUCTS_DIR)/HomeBase-ios.app/HomeBase-ios";
			};
			name = Debug;
		};
		928A78A92858FA2900D4C17C /* Release */ = {
			isa = XCBuildConfiguration;
			baseConfigurationReference = 48F22AAFD7300DF578AB5CEE /* Pods-HomeBase-iosTests.release.xcconfig */;
			buildSettings = {
				ALWAYS_EMBED_SWIFT_STANDARD_LIBRARIES = "$(inherited)";
				BUNDLE_LOADER = "$(TEST_HOST)";
				CODE_SIGN_STYLE = Automatic;
				CURRENT_PROJECT_VERSION = 1;
				DEVELOPMENT_TEAM = 7T52EN483V;
				GENERATE_INFOPLIST_FILE = YES;
				IPHONEOS_DEPLOYMENT_TARGET = 15.5;
				MARKETING_VERSION = 1.0;
				PRODUCT_BUNDLE_IDENTIFIER = "com.cturczynski.HomeBase-iosTests";
				PRODUCT_NAME = "$(TARGET_NAME)";
				SWIFT_EMIT_LOC_STRINGS = NO;
				SWIFT_VERSION = 5.0;
				TARGETED_DEVICE_FAMILY = "1,2";
				TEST_HOST = "$(BUILT_PRODUCTS_DIR)/HomeBase-ios.app/HomeBase-ios";
			};
			name = Release;
		};
		928A78AB2858FA2900D4C17C /* Debug */ = {
			isa = XCBuildConfiguration;
			baseConfigurationReference = 5CA8BF4829BBBB1298D2BDC4 /* Pods-HomeBase-ios-HomeBase-iosUITests.debug.xcconfig */;
			buildSettings = {
				ALWAYS_EMBED_SWIFT_STANDARD_LIBRARIES = "$(inherited)";
				CODE_SIGN_STYLE = Automatic;
				CURRENT_PROJECT_VERSION = 1;
				DEVELOPMENT_TEAM = 7T52EN483V;
				GENERATE_INFOPLIST_FILE = YES;
				MARKETING_VERSION = 1.0;
				PRODUCT_BUNDLE_IDENTIFIER = "com.cturczynski.HomeBase-iosUITests";
				PRODUCT_NAME = "$(TARGET_NAME)";
				SWIFT_EMIT_LOC_STRINGS = NO;
				SWIFT_VERSION = 5.0;
				TARGETED_DEVICE_FAMILY = "1,2";
				TEST_TARGET_NAME = "HomeBase-ios";
			};
			name = Debug;
		};
		928A78AC2858FA2900D4C17C /* Release */ = {
			isa = XCBuildConfiguration;
			baseConfigurationReference = 85623ABD65D4517D4098F967 /* Pods-HomeBase-ios-HomeBase-iosUITests.release.xcconfig */;
			buildSettings = {
				ALWAYS_EMBED_SWIFT_STANDARD_LIBRARIES = "$(inherited)";
				CODE_SIGN_STYLE = Automatic;
				CURRENT_PROJECT_VERSION = 1;
				DEVELOPMENT_TEAM = 7T52EN483V;
				GENERATE_INFOPLIST_FILE = YES;
				MARKETING_VERSION = 1.0;
				PRODUCT_BUNDLE_IDENTIFIER = "com.cturczynski.HomeBase-iosUITests";
				PRODUCT_NAME = "$(TARGET_NAME)";
				SWIFT_EMIT_LOC_STRINGS = NO;
				SWIFT_VERSION = 5.0;
				TARGETED_DEVICE_FAMILY = "1,2";
				TEST_TARGET_NAME = "HomeBase-ios";
			};
			name = Release;
		};
/* End XCBuildConfiguration section */

/* Begin XCConfigurationList section */
		928A78752858FA2600D4C17C /* Build configuration list for PBXProject "HomeBase-ios" */ = {
			isa = XCConfigurationList;
			buildConfigurations = (
				928A78A22858FA2900D4C17C /* Debug */,
				928A78A32858FA2900D4C17C /* Release */,
			);
			defaultConfigurationIsVisible = 0;
			defaultConfigurationName = Release;
		};
		928A78A42858FA2900D4C17C /* Build configuration list for PBXNativeTarget "HomeBase-ios" */ = {
			isa = XCConfigurationList;
			buildConfigurations = (
				928A78A52858FA2900D4C17C /* Debug */,
				928A78A62858FA2900D4C17C /* Release */,
			);
			defaultConfigurationIsVisible = 0;
			defaultConfigurationName = Release;
		};
		928A78A72858FA2900D4C17C /* Build configuration list for PBXNativeTarget "HomeBase-iosTests" */ = {
			isa = XCConfigurationList;
			buildConfigurations = (
				928A78A82858FA2900D4C17C /* Debug */,
				928A78A92858FA2900D4C17C /* Release */,
			);
			defaultConfigurationIsVisible = 0;
			defaultConfigurationName = Release;
		};
		928A78AA2858FA2900D4C17C /* Build configuration list for PBXNativeTarget "HomeBase-iosUITests" */ = {
			isa = XCConfigurationList;
			buildConfigurations = (
				928A78AB2858FA2900D4C17C /* Debug */,
				928A78AC2858FA2900D4C17C /* Release */,
			);
			defaultConfigurationIsVisible = 0;
			defaultConfigurationName = Release;
		};
/* End XCConfigurationList section */
	};
	rootObject = 928A78722858FA2600D4C17C /* Project object */;
}
